
Microsoft Visual Studio Solution File, Format Version 12.00
# Visual Studio Version 16
VisualStudioVersion = 16.0.31702.278
MinimumVisualStudioVersion = 10.0.40219.1
Project("{8BC9CEB8-8B4A-11D0-8D11-00A0C91BC942}") = "ConsoleApplication1", "ConsoleApplication1.vcxproj", "{34011C8D-8518-428A-BBE4-7A5BEC202A4E}"
EndProject
Global
	GlobalSection(SolutionConfigurationPlatforms) = preSolution
		Debug|x64 = Debug|x64
		Debug|x86 = Debug|x86
		Release|x64 = Release|x64
		Release|x86 = Release|x86
	EndGlobalSection
	GlobalSection(ProjectConfigurationPlatforms) = postSolution
		{34011C8D-8518-428A-BBE4-7A5BEC202A4E}.Debug|x64.ActiveCfg = Debug|x64
		{34011C8D-8518-428A-BBE4-7A5BEC202A4E}.Debug|x64.Build.0 = Debug|x64
		{34011C8D-8518-428A-BBE4-7A5BEC202A4E}.Debug|x86.ActiveCfg = Debug|Win32
		{34011C8D-8518-428A-BBE4-7A5BEC202A4E}.Debug|x86.Build.0 = Debug|Win32
		{34011C8D-8518-428A-BBE4-7A5BEC202A4E}.Release|x64.ActiveCfg = Release|x64
		{34011C8D-8518-428A-BBE4-7A5BEC202A4E}.Release|x64.Build.0 = Release|x64
		{34011C8D-8518-428A-BBE4-7A5BEC202A4E}.Release|x86.ActiveCfg = Release|Win32
		{34011C8D-8518-428A-BBE4-7A5BEC202A4E}.Release|x86.Build.0 = Release|Win32
	EndGlobalSection
	GlobalSection(SolutionProperties) = preSolution
		HideSolutionNode = FALSE
	EndGlobalSection
	GlobalSection(ExtensibilityGlobals) = postSolution
		SolutionGuid = {992022C4-091D-4431-A694-76F4C1B3B95A}
	EndGlobalSection
EndGlobal
